
Microsoft Visual Studio Solution File, Format Version 12.00
# Visual Studio Version 17
VisualStudioVersion = 17.9.34902.65
MinimumVisualStudioVersion = 10.0.40219.1
Project("{FAE04EC0-301F-11D3-BF4B-00C04F79EFBC}") = "CacheRevokerMiddleware", "CacheRevokerMiddleware\CacheRevokerMiddleware.csproj", "{CE602A0F-C9AF-4345-AD8D-E639F9E1CF87}"
EndProject
Global
	GlobalSection(SolutionConfigurationPlatforms) = preSolution
		Debug|Any CPU = Debug|Any CPU
		Release|Any CPU = Release|Any CPU
	EndGlobalSection
	GlobalSection(ProjectConfigurationPlatforms) = postSolution
		{CE602A0F-C9AF-4345-AD8D-E639F9E1CF87}.Debug|Any CPU.ActiveCfg = Debug|Any CPU
		{CE602A0F-C9AF-4345-AD8D-E639F9E1CF87}.Debug|Any CPU.Build.0 = Debug|Any CPU
		{CE602A0F-C9AF-4345-AD8D-E639F9E1CF87}.Release|Any CPU.ActiveCfg = Release|Any CPU
		{CE602A0F-C9AF-4345-AD8D-E639F9E1CF87}.Release|Any CPU.Build.0 = Release|Any CPU
	EndGlobalSection
	GlobalSection(SolutionProperties) = preSolution
		HideSolutionNode = FALSE
	EndGlobalSection
	GlobalSection(ExtensibilityGlobals) = postSolution
		SolutionGuid = {A29ECF77-8E9D-47F4-BB0E-5CEB538B8774}
	EndGlobalSection
EndGlobal
